{
  "name": "cewejeno",
  "lockfileVersion": 3,
  "requires": true,
  "packages": {
    "": {
      "dependencies": {
        "cewejeno": "^1.0.0"
      }
    },
    "node_modules/cewejeno": {
      "version": "1.0.0",
      "resolved": "https://registry.npmjs.org/cewejeno/-/cewejeno-1.0.0.tgz",
      "integrity": "sha512-MnWcB4+M+sC8oo0/gCTZnnRTBoOa1ON7mO3+fUFDSMnWQZLjn31Tbv47YLVruhdhmfccpK7eKIdNwNy1BIs+qg=="
    }
  }
}
